
Microsoft Visual Studio Solution File, Format Version 12.00
# Visual Studio 15
VisualStudioVersion = 15.0.26124.0
MinimumVisualStudioVersion = 15.0.26124.0
Project("{2150E333-8FDC-42A3-9474-1A3956D46DE8}") = "Services", "Services", "{080A60AD-D76E-4B47-85D8-20532BCCF1AD}"
EndProject
Project("{2150E333-8FDC-42A3-9474-1A3956D46DE8}") = "Identity", "Identity", "{22C38C68-F21C-474F-A3E0-8EB57FDA807C}"
EndProject
Project("{FAE04EC0-301F-11D3-BF4B-00C04F79EFBC}") = "Identity.API", "Services\Identity\Identity.API\Identity.API.csproj", "{3F104526-6D71-4F33-BD7F-6C4495EE534F}"
EndProject
Project("{2150E333-8FDC-42A3-9474-1A3956D46DE8}") = "Organizer", "Organizer", "{DA914BF0-B176-401B-966E-9DC664DC757B}"
EndProject
Project("{FAE04EC0-301F-11D3-BF4B-00C04F79EFBC}") = "Organizer.API", "Services\Organizer\Organizer.API\Organizer.API.csproj", "{2019858E-2CB2-4620-811D-0DEE28E40874}"
EndProject
Project("{2150E333-8FDC-42A3-9474-1A3956D46DE8}") = "App", "App", "{49211E28-F71D-4FDC-891E-FBB720FB97D0}"
EndProject
Project("{FAE04EC0-301F-11D3-BF4B-00C04F79EFBC}") = "PublisherWeb", "App\PublisherWeb\PublisherWeb.csproj", "{E9A4A19C-723B-4481-BB54-A247447F485F}"
EndProject
Global
	GlobalSection(SolutionConfigurationPlatforms) = preSolution
		Debug|Any CPU = Debug|Any CPU
		Debug|x64 = Debug|x64
		Debug|x86 = Debug|x86
		Release|Any CPU = Release|Any CPU
		Release|x64 = Release|x64
		Release|x86 = Release|x86
	EndGlobalSection
	GlobalSection(SolutionProperties) = preSolution
		HideSolutionNode = FALSE
	EndGlobalSection
	GlobalSection(ProjectConfigurationPlatforms) = postSolution
		{3F104526-6D71-4F33-BD7F-6C4495EE534F}.Debug|Any CPU.ActiveCfg = Debug|Any CPU
		{3F104526-6D71-4F33-BD7F-6C4495EE534F}.Debug|Any CPU.Build.0 = Debug|Any CPU
		{3F104526-6D71-4F33-BD7F-6C4495EE534F}.Debug|x64.ActiveCfg = Debug|Any CPU
		{3F104526-6D71-4F33-BD7F-6C4495EE534F}.Debug|x64.Build.0 = Debug|Any CPU
		{3F104526-6D71-4F33-BD7F-6C4495EE534F}.Debug|x86.ActiveCfg = Debug|Any CPU
		{3F104526-6D71-4F33-BD7F-6C4495EE534F}.Debug|x86.Build.0 = Debug|Any CPU
		{3F104526-6D71-4F33-BD7F-6C4495EE534F}.Release|Any CPU.ActiveCfg = Release|Any CPU
		{3F104526-6D71-4F33-BD7F-6C4495EE534F}.Release|Any CPU.Build.0 = Release|Any CPU
		{3F104526-6D71-4F33-BD7F-6C4495EE534F}.Release|x64.ActiveCfg = Release|Any CPU
		{3F104526-6D71-4F33-BD7F-6C4495EE534F}.Release|x64.Build.0 = Release|Any CPU
		{3F104526-6D71-4F33-BD7F-6C4495EE534F}.Release|x86.ActiveCfg = Release|Any CPU
		{3F104526-6D71-4F33-BD7F-6C4495EE534F}.Release|x86.Build.0 = Release|Any CPU
		{2019858E-2CB2-4620-811D-0DEE28E40874}.Debug|Any CPU.ActiveCfg = Debug|Any CPU
		{2019858E-2CB2-4620-811D-0DEE28E40874}.Debug|Any CPU.Build.0 = Debug|Any CPU
		{2019858E-2CB2-4620-811D-0DEE28E40874}.Debug|x64.ActiveCfg = Debug|Any CPU
		{2019858E-2CB2-4620-811D-0DEE28E40874}.Debug|x64.Build.0 = Debug|Any CPU
		{2019858E-2CB2-4620-811D-0DEE28E40874}.Debug|x86.ActiveCfg = Debug|Any CPU
		{2019858E-2CB2-4620-811D-0DEE28E40874}.Debug|x86.Build.0 = Debug|Any CPU
		{2019858E-2CB2-4620-811D-0DEE28E40874}.Release|Any CPU.ActiveCfg = Release|Any CPU
		{2019858E-2CB2-4620-811D-0DEE28E40874}.Release|Any CPU.Build.0 = Release|Any CPU
		{2019858E-2CB2-4620-811D-0DEE28E40874}.Release|x64.ActiveCfg = Release|Any CPU
		{2019858E-2CB2-4620-811D-0DEE28E40874}.Release|x64.Build.0 = Release|Any CPU
		{2019858E-2CB2-4620-811D-0DEE28E40874}.Release|x86.ActiveCfg = Release|Any CPU
		{2019858E-2CB2-4620-811D-0DEE28E40874}.Release|x86.Build.0 = Release|Any CPU
		{E9A4A19C-723B-4481-BB54-A247447F485F}.Debug|Any CPU.ActiveCfg = Debug|Any CPU
		{E9A4A19C-723B-4481-BB54-A247447F485F}.Debug|Any CPU.Build.0 = Debug|Any CPU
		{E9A4A19C-723B-4481-BB54-A247447F485F}.Debug|x64.ActiveCfg = Debug|Any CPU
		{E9A4A19C-723B-4481-BB54-A247447F485F}.Debug|x64.Build.0 = Debug|Any CPU
		{E9A4A19C-723B-4481-BB54-A247447F485F}.Debug|x86.ActiveCfg = Debug|Any CPU
		{E9A4A19C-723B-4481-BB54-A247447F485F}.Debug|x86.Build.0 = Debug|Any CPU
		{E9A4A19C-723B-4481-BB54-A247447F485F}.Release|Any CPU.ActiveCfg = Release|Any CPU
		{E9A4A19C-723B-4481-BB54-A247447F485F}.Release|Any CPU.Build.0 = Release|Any CPU
		{E9A4A19C-723B-4481-BB54-A247447F485F}.Release|x64.ActiveCfg = Release|Any CPU
		{E9A4A19C-723B-4481-BB54-A247447F485F}.Release|x64.Build.0 = Release|Any CPU
		{E9A4A19C-723B-4481-BB54-A247447F485F}.Release|x86.ActiveCfg = Release|Any CPU
		{E9A4A19C-723B-4481-BB54-A247447F485F}.Release|x86.Build.0 = Release|Any CPU
	EndGlobalSection
	GlobalSection(NestedProjects) = preSolution
		{22C38C68-F21C-474F-A3E0-8EB57FDA807C} = {080A60AD-D76E-4B47-85D8-20532BCCF1AD}
		{3F104526-6D71-4F33-BD7F-6C4495EE534F} = {22C38C68-F21C-474F-A3E0-8EB57FDA807C}
		{DA914BF0-B176-401B-966E-9DC664DC757B} = {080A60AD-D76E-4B47-85D8-20532BCCF1AD}
		{2019858E-2CB2-4620-811D-0DEE28E40874} = {DA914BF0-B176-401B-966E-9DC664DC757B}
		{E9A4A19C-723B-4481-BB54-A247447F485F} = {49211E28-F71D-4FDC-891E-FBB720FB97D0}
	EndGlobalSection
EndGlobal
